// !$*UTF8*$!
{
	archiveVersion = 1;
	classes = {
	};
	objectVersion = 77;
	objects = {

/* Begin PBXBuildFile section */
		24D2BC406897058D83E90425 /* InterlinedPersistence in Frameworks */ = {isa = PBXBuildFile; productRef = 6B41CE7F9049DE79ADF5F310 /* InterlinedPersistence */; };
		4875FC868DEAD10754CA3266 /* InterlinedKit in Frameworks */ = {isa = PBXBuildFile; productRef = E82F17947DA800A8ACFC24FA /* InterlinedKit */; };
		A2F99A68629A6FFE570F17B6 /* InterlinedDomain in Frameworks */ = {isa = PBXBuildFile; productRef = F55A3043259B18AED6834ECA /* InterlinedDomain */; };
		AB10000000000000000000A1 /* InterlinedDomain in Frameworks */ = {isa = PBXBuildFile; productRef = AB20000000000000000000A1 /* InterlinedDomain */; };
		AB10000000000000000000A2 /* InterlinedKit in Frameworks */ = {isa = PBXBuildFile; productRef = AB20000000000000000000A2 /* InterlinedKit */; };
		SP20000000000000000000S3 /* Sparkle in Frameworks */ = {isa = PBXBuildFile; productRef = SP10000000000000000000S2 /* Sparkle */; };
		TX20000000000000000000T3 /* Textual in Frameworks */ = {isa = PBXBuildFile; productRef = TX10000000000000000000T2 /* Textual */; };
/* End PBXBuildFile section */

/* Begin PBXContainerItemProxy section */
		AB30000000000000000000B1 /* PBXContainerItemProxy */ = {
			isa = PBXContainerItemProxy;
			containerPortal = A8934E4F726C6FDDD0A8A878 /* Project object */;
			proxyType = 1;
			remoteGlobalIDString = 368744F4D2FC50119EA37A06;
			remoteInfo = InterlinedList;
		};
/* End PBXContainerItemProxy section */

/* Begin PBXFileReference section */
		AB40000000000000000000C1 /* InterlinedListTests.xctest */ = {isa = PBXFileReference; explicitFileType = wrapper.cfbundle; includeInIndex = 0; path = InterlinedListTests.xctest; sourceTree = BUILT_PRODUCTS_DIR; };
		D78BA91D9ADE434F0CE71AD7 /* InterlinedList.app */ = {isa = PBXFileReference; explicitFileType = wrapper.application; includeInIndex = 0; path = InterlinedList.app; sourceTree = BUILT_PRODUCTS_DIR; };
/* End PBXFileReference section */

/* Begin PBXFileSystemSynchronizedBuildFileExceptionSet section */
		1328CFF9E1299A396D9A6F9A /* Exceptions for "App" folder in "InterlinedList" target */ = {
			isa = PBXFileSystemSynchronizedBuildFileExceptionSet;
			membershipExceptions = (
				Resources/Info.plist,
			);
			target = 368744F4D2FC50119EA37A06 /* InterlinedList */;
		};
/* End PBXFileSystemSynchronizedBuildFileExceptionSet section */

/* Begin PBXFileSystemSynchronizedRootGroup section */
		07D2BA4E1377807CA7FE5CEA /* App */ = {
			isa = PBXFileSystemSynchronizedRootGroup;
			exceptions = (
				1328CFF9E1299A396D9A6F9A /* Exceptions for "App" folder in "InterlinedList" target */,
			);
			path = App;
			sourceTree = "<group>";
		};
		AB50000000000000000000D1 /* AppTests */ = {
			isa = PBXFileSystemSynchronizedRootGroup;
			path = AppTests;
			sourceTree = "<group>";
		};
/* End PBXFileSystemSynchronizedRootGroup section */

/* Begin PBXFrameworksBuildPhase section */
		AB60000000000000000000E1 /* Frameworks */ = {
			isa = PBXFrameworksBuildPhase;
			buildActionMask = 2147483647;
			files = (
				AB10000000000000000000A1 /* InterlinedDomain in Frameworks */,
				AB10000000000000000000A2 /* InterlinedKit in Frameworks */,
			);
			runOnlyForDeploymentPostprocessing = 0;
		};
		AE84DE8A27DFFEA22F56982E /* Frameworks */ = {
			isa = PBXFrameworksBuildPhase;
			buildActionMask = 2147483647;
			files = (
				4875FC868DEAD10754CA3266 /* InterlinedKit in Frameworks */,
				A2F99A68629A6FFE570F17B6 /* InterlinedDomain in Frameworks */,
				24D2BC406897058D83E90425 /* InterlinedPersistence in Frameworks */,
				TX20000000000000000000T3 /* Textual in Frameworks */,
				SP20000000000000000000S3 /* Sparkle in Frameworks */,
			);
			runOnlyForDeploymentPostprocessing = 0;
		};
/* End PBXFrameworksBuildPhase section */

/* Begin PBXGroup section */
		C7037A342339022835F93EFA /* Products */ = {
			isa = PBXGroup;
			children = (
				D78BA91D9ADE434F0CE71AD7 /* InterlinedList.app */,
				AB40000000000000000000C1 /* InterlinedListTests.xctest */,
			);
			name = Products;
			sourceTree = "<group>";
		};
		D95E967E830F4ADA137B4359 = {
			isa = PBXGroup;
			children = (
				07D2BA4E1377807CA7FE5CEA /* App */,
				AB50000000000000000000D1 /* AppTests */,
				FB1017EFC257BDBAA6ABC98F /* Packages */,
				C7037A342339022835F93EFA /* Products */,
			);
			sourceTree = "<group>";
		};
		FB1017EFC257BDBAA6ABC98F /* Packages */ = {
			isa = PBXGroup;
			children = (
			);
			name = Packages;
			sourceTree = "<group>";
		};
/* End PBXGroup section */

/* Begin PBXNativeTarget section */
		368744F4D2FC50119EA37A06 /* InterlinedList */ = {
			isa = PBXNativeTarget;
			buildConfigurationList = 06A1C0DC705E8A5C23E6A456 /* Build configuration list for PBXNativeTarget "InterlinedList" */;
			buildPhases = (
				D9B3795D1E61CADABC9223AB /* Sources */,
				AE84DE8A27DFFEA22F56982E /* Frameworks */,
				F76F847B5AE24697ABD3C7E5 /* Resources */,
			);
			buildRules = (
			);
			dependencies = (
			);
			fileSystemSynchronizedGroups = (
				07D2BA4E1377807CA7FE5CEA /* App */,
			);
			name = InterlinedList;
			packageProductDependencies = (
				E82F17947DA800A8ACFC24FA /* InterlinedKit */,
				F55A3043259B18AED6834ECA /* InterlinedDomain */,
				6B41CE7F9049DE79ADF5F310 /* InterlinedPersistence */,
				TX10000000000000000000T2 /* Textual */,
				SP10000000000000000000S2 /* Sparkle */,
			);
			productName = InterlinedList;
			productReference = D78BA91D9ADE434F0CE71AD7 /* InterlinedList.app */;
			productType = "com.apple.product-type.application";
		};
		AB70000000000000000000F1 /* InterlinedListTests */ = {
			isa = PBXNativeTarget;
			buildConfigurationList = AB8000000000000000000101 /* Build configuration list for PBXNativeTarget "InterlinedListTests" */;
			buildPhases = (
				AB90000000000000000000F2 /* Sources */,
				AB60000000000000000000E1 /* Frameworks */,
				ABA0000000000000000000F3 /* Resources */,
			);
			buildRules = (
			);
			dependencies = (
				ABB0000000000000000000F4 /* PBXTargetDependency */,
			);
			fileSystemSynchronizedGroups = (
				AB50000000000000000000D1 /* AppTests */,
			);
			name = InterlinedListTests;
			packageProductDependencies = (
				AB20000000000000000000A1 /* InterlinedDomain */,
				AB20000000000000000000A2 /* InterlinedKit */,
			);
			productName = InterlinedListTests;
			productReference = AB40000000000000000000C1 /* InterlinedListTests.xctest */;
			productType = "com.apple.product-type.bundle.unit-test";
		};
/* End PBXNativeTarget section */

/* Begin PBXProject section */
		A8934E4F726C6FDDD0A8A878 /* Project object */ = {
			isa = PBXProject;
			attributes = {
				BuildIndependentTargetsInParallel = 1;
				LastSwiftUpdateCheck = 1620;
				LastUpgradeCheck = 1620;
				TargetAttributes = {
					368744F4D2FC50119EA37A06 = {
						CreatedOnToolsVersion = 16.2;
					};
					AB70000000000000000000F1 = {
						CreatedOnToolsVersion = 16.2;
						TestTargetID = 368744F4D2FC50119EA37A06;
					};
				};
			};
			buildConfigurationList = 315972A3EA6827C08B325F80 /* Build configuration list for PBXProject "InterlinedList" */;
			developmentRegion = en;
			hasScannedForEncodings = 0;
			knownRegions = (
				en,
				Base,
			);
			mainGroup = D95E967E830F4ADA137B4359;
			minimizedProjectReferenceProxies = 1;
			packageReferences = (
				6F34A6361811E23D19FA2B71 /* XCLocalSwiftPackageReference "Packages/InterlinedKit" */,
				8BBD2221E1F94562CA6C4031 /* XCLocalSwiftPackageReference "Packages/InterlinedDomain" */,
				8B2688EE389528EC0E8CC4A0 /* XCLocalSwiftPackageReference "Packages/InterlinedPersistence" */,
				TX00000000000000000000T1 /* XCRemoteSwiftPackageReference "textual" */,
				SP00000000000000000000S1 /* XCRemoteSwiftPackageReference "Sparkle" */,
			);
			preferredProjectObjectVersion = 77;
			productRefGroup = C7037A342339022835F93EFA /* Products */;
			projectDirPath = "";
			projectRoot = "";
			targets = (
				368744F4D2FC50119EA37A06 /* InterlinedList */,
				AB70000000000000000000F1 /* InterlinedListTests */,
			);
		};
/* End PBXProject section */

/* Begin PBXResourcesBuildPhase section */
		ABA0000000000000000000F3 /* Resources */ = {
			isa = PBXResourcesBuildPhase;
			buildActionMask = 2147483647;
			files = (
			);
			runOnlyForDeploymentPostprocessing = 0;
		};
		F76F847B5AE24697ABD3C7E5 /* Resources */ = {
			isa = PBXResourcesBuildPhase;
			buildActionMask = 2147483647;
			files = (
			);
			runOnlyForDeploymentPostprocessing = 0;
		};
/* End PBXResourcesBuildPhase section */

/* Begin PBXSourcesBuildPhase section */
		AB90000000000000000000F2 /* Sources */ = {
			isa = PBXSourcesBuildPhase;
			buildActionMask = 2147483647;
			files = (
			);
			runOnlyForDeploymentPostprocessing = 0;
		};
		D9B3795D1E61CADABC9223AB /* Sources */ = {
			isa = PBXSourcesBuildPhase;
			buildActionMask = 2147483647;
			files = (
			);
			runOnlyForDeploymentPostprocessing = 0;
		};
/* End PBXSourcesBuildPhase section */

/* Begin PBXTargetDependency section */
		ABB0000000000000000000F4 /* PBXTargetDependency */ = {
			isa = PBXTargetDependency;
			target = 368744F4D2FC50119EA37A06 /* InterlinedList */;
			targetProxy = AB30000000000000000000B1 /* PBXContainerItemProxy */;
		};
/* End PBXTargetDependency section */

/* Begin XCBuildConfiguration section */
		573EB93CD33E77BADF6A4886 /* Debug */ = {
			isa = XCBuildConfiguration;
			buildSettings = {
				ALWAYS_SEARCH_USER_PATHS = NO;
				ASSETCATALOG_COMPILER_GENERATE_SWIFT_ASSET_SYMBOL_EXTENSIONS = YES;
				CLANG_ANALYZER_NONNULL = YES;
				CLANG_ANALYZER_NUMBER_OBJECT_CONVERSION = YES_AGGRESSIVE;
				CLANG_CXX_LANGUAGE_STANDARD = "gnu++20";
				CLANG_ENABLE_MODULES = YES;
				CLANG_ENABLE_OBJC_ARC = YES;
				CLANG_ENABLE_OBJC_WEAK = YES;
				CLANG_WARN_BLOCK_CAPTURE_AUTORELEASING = YES;
				CLANG_WARN_BOOL_CONVERSION = YES;
				CLANG_WARN_COMMA = YES;
				CLANG_WARN_CONSTANT_CONVERSION = YES;
				CLANG_WARN_DEPRECATED_OBJC_IMPLEMENTATIONS = YES;
				CLANG_WARN_DIRECT_OBJC_ISA_USAGE = YES_ERROR;
				CLANG_WARN_DOCUMENTATION_COMMENTS = YES;
				CLANG_WARN_EMPTY_BODY = YES;
				CLANG_WARN_ENUM_CONVERSION = YES;
				CLANG_WARN_INFINITE_RECURSION = YES;
				CLANG_WARN_INT_CONVERSION = YES;
				CLANG_WARN_NON_LITERAL_NULL_CONVERSION = YES;
				CLANG_WARN_OBJC_IMPLICIT_RETAIN_SELF = YES;
				CLANG_WARN_OBJC_LITERAL_CONVERSION = YES;
				CLANG_WARN_OBJC_ROOT_CLASS = YES_ERROR;
				CLANG_WARN_QUOTED_INCLUDE_IN_FRAMEWORK_HEADER = YES;
				CLANG_WARN_RANGE_LOOP_ANALYSIS = YES;
				CLANG_WARN_STRICT_PROTOTYPES = YES;
				CLANG_WARN_SUSPICIOUS_MOVE = YES;
				CLANG_WARN_UNGUARDED_AVAILABILITY = YES_AGGRESSIVE;
				CLANG_WARN_UNREACHABLE_CODE = YES;
				CLANG_WARN__DUPLICATE_METHOD_MATCH = YES;
				COPY_PHASE_STRIP = NO;
				DEBUG_INFORMATION_FORMAT = dwarf;
				ENABLE_STRICT_OBJC_MSGSEND = YES;
				ENABLE_TESTABILITY = YES;
				ENABLE_USER_SCRIPT_SANDBOXING = YES;
				GCC_C_LANGUAGE_STANDARD = gnu17;
				GCC_DYNAMIC_NO_PIC = NO;
				GCC_NO_COMMON_BLOCKS = YES;
				GCC_OPTIMIZATION_LEVEL = 0;
				GCC_PREPROCESSOR_DEFINITIONS = (
					"DEBUG=1",
					"$(inherited)",
				);
				GCC_WARN_64_TO_32_BIT_CONVERSION = YES;
				GCC_WARN_ABOUT_RETURN_TYPE = YES_ERROR;
				GCC_WARN_UNDECLARED_SELECTOR = YES;
				GCC_WARN_UNINITIALIZED_AUTOS = YES_AGGRESSIVE;
				GCC_WARN_UNUSED_FUNCTION = YES;
				GCC_WARN_UNUSED_VARIABLE = YES;
				LOCALIZATION_PREFERS_STRING_CATALOGS = YES;
				MACOSX_DEPLOYMENT_TARGET = 15.0;
				MTL_ENABLE_DEBUG_INFO = INCLUDE_SOURCE;
				MTL_FAST_MATH = YES;
				ONLY_ACTIVE_ARCH = YES;
				SDKROOT = macosx;
				SWIFT_ACTIVE_COMPILATION_CONDITIONS = "DEBUG $(inherited)";
				SWIFT_OPTIMIZATION_LEVEL = "-Onone";
				SWIFT_STRICT_CONCURRENCY = complete;
				SWIFT_VERSION = 6.0;
			};
			name = Debug;
		};
		5FF8F565B0D584C9B40E9186 /* Debug */ = {
			isa = XCBuildConfiguration;
			buildSettings = {
				ASSETCATALOG_COMPILER_APPICON_NAME = AppIcon;
				ASSETCATALOG_COMPILER_GLOBAL_ACCENT_COLOR_NAME = AccentColor;
				CODE_SIGN_ENTITLEMENTS = App/Resources/InterlinedList.entitlements;
				"CODE_SIGN_IDENTITY[sdk=macosx*]" = "Apple Development";
				CODE_SIGN_STYLE = Automatic;
				COMBINE_HIDPI_IMAGES = YES;
				CURRENT_PROJECT_VERSION = 1;
				DEAD_CODE_STRIPPING = YES;
				DEVELOPMENT_TEAM = BJA9558E4B;
				ENABLE_HARDENED_RUNTIME = YES;
				ENABLE_PREVIEWS = YES;
				GENERATE_INFOPLIST_FILE = NO;
				INFOPLIST_FILE = App/Resources/Info.plist;
				INFOPLIST_KEY_CFBundleDisplayName = InterlinedList;
				INFOPLIST_KEY_LSApplicationCategoryType = "public.app-category.social-networking";
				INFOPLIST_KEY_NSHumanReadableCopyright = "© 2026 InterlinedList";
				LD_RUNPATH_SEARCH_PATHS = (
					"$(inherited)",
					"@executable_path/../Frameworks",
				);
				MACOSX_DEPLOYMENT_TARGET = 15.0;
				MARKETING_VERSION = 0.1.0;
				PRODUCT_BUNDLE_IDENTIFIER = com.interlinedlist.macos;
				PRODUCT_NAME = "$(TARGET_NAME)";
				SWIFT_EMIT_LOC_STRINGS = YES;
				SWIFT_STRICT_CONCURRENCY = complete;
				SWIFT_VERSION = 6.0;
			};
			name = Debug;
		};
		AA59CB7D63E83CD7544D6FEC /* Release */ = {
			isa = XCBuildConfiguration;
			buildSettings = {
				ALWAYS_SEARCH_USER_PATHS = NO;
				ASSETCATALOG_COMPILER_GENERATE_SWIFT_ASSET_SYMBOL_EXTENSIONS = YES;
				CLANG_ANALYZER_NONNULL = YES;
				CLANG_ANALYZER_NUMBER_OBJECT_CONVERSION = YES_AGGRESSIVE;
				CLANG_CXX_LANGUAGE_STANDARD = "gnu++20";
				CLANG_ENABLE_MODULES = YES;
				CLANG_ENABLE_OBJC_ARC = YES;
				CLANG_ENABLE_OBJC_WEAK = YES;
				CLANG_WARN_BLOCK_CAPTURE_AUTORELEASING = YES;
				CLANG_WARN_BOOL_CONVERSION = YES;
				CLANG_WARN_COMMA = YES;
				CLANG_WARN_CONSTANT_CONVERSION = YES;
				CLANG_WARN_DEPRECATED_OBJC_IMPLEMENTATIONS = YES;
				CLANG_WARN_DIRECT_OBJC_ISA_USAGE = YES_ERROR;
				CLANG_WARN_DOCUMENTATION_COMMENTS = YES;
				CLANG_WARN_EMPTY_BODY = YES;
				CLANG_WARN_ENUM_CONVERSION = YES;
				CLANG_WARN_INFINITE_RECURSION = YES;
				CLANG_WARN_INT_CONVERSION = YES;
				CLANG_WARN_NON_LITERAL_NULL_CONVERSION = YES;
				CLANG_WARN_OBJC_IMPLICIT_RETAIN_SELF = YES;
				CLANG_WARN_OBJC_LITERAL_CONVERSION = YES;
				CLANG_WARN_OBJC_ROOT_CLASS = YES_ERROR;
				CLANG_WARN_QUOTED_INCLUDE_IN_FRAMEWORK_HEADER = YES;
				CLANG_WARN_RANGE_LOOP_ANALYSIS = YES;
				CLANG_WARN_STRICT_PROTOTYPES = YES;
				CLANG_WARN_SUSPICIOUS_MOVE = YES;
				CLANG_WARN_UNGUARDED_AVAILABILITY = YES_AGGRESSIVE;
				CLANG_WARN_UNREACHABLE_CODE = YES;
				CLANG_WARN__DUPLICATE_METHOD_MATCH = YES;
				COPY_PHASE_STRIP = NO;
				DEBUG_INFORMATION_FORMAT = "dwarf-with-dsym";
				ENABLE_NS_ASSERTIONS = NO;
				ENABLE_STRICT_OBJC_MSGSEND = YES;
				ENABLE_USER_SCRIPT_SANDBOXING = YES;
				GCC_C_LANGUAGE_STANDARD = gnu17;
				GCC_NO_COMMON_BLOCKS = YES;
				GCC_WARN_64_TO_32_BIT_CONVERSION = YES;
				GCC_WARN_ABOUT_RETURN_TYPE = YES_ERROR;
				GCC_WARN_UNDECLARED_SELECTOR = YES;
				GCC_WARN_UNINITIALIZED_AUTOS = YES_AGGRESSIVE;
				GCC_WARN_UNUSED_FUNCTION = YES;
				GCC_WARN_UNUSED_VARIABLE = YES;
				LOCALIZATION_PREFERS_STRING_CATALOGS = YES;
				MACOSX_DEPLOYMENT_TARGET = 15.0;
				MTL_ENABLE_DEBUG_INFO = NO;
				MTL_FAST_MATH = YES;
				SDKROOT = macosx;
				SWIFT_COMPILATION_MODE = wholemodule;
				SWIFT_STRICT_CONCURRENCY = complete;
				SWIFT_VERSION = 6.0;
			};
			name = Release;
		};
		AB8000000000000000000102 /* Debug */ = {
			isa = XCBuildConfiguration;
			buildSettings = {
				ALWAYS_SEARCH_USER_PATHS = NO;
				BUNDLE_LOADER = "$(TEST_HOST)";
				CLANG_ENABLE_MODULES = YES;
				CODE_SIGN_STYLE = Automatic;
				CURRENT_PROJECT_VERSION = 1;
				GENERATE_INFOPLIST_FILE = YES;
				MACOSX_DEPLOYMENT_TARGET = 15.0;
				MARKETING_VERSION = 0.1.0;
				PRODUCT_BUNDLE_IDENTIFIER = com.interlinedlist.macos.tests;
				PRODUCT_NAME = "$(TARGET_NAME)";
				SDKROOT = macosx;
				SWIFT_EMIT_LOC_STRINGS = NO;
				SWIFT_STRICT_CONCURRENCY = complete;
				SWIFT_VERSION = 6.0;
				TEST_HOST = "$(BUILT_PRODUCTS_DIR)/InterlinedList.app/Contents/MacOS/InterlinedList";
			};
			name = Debug;
		};
		AB8000000000000000000103 /* Release */ = {
			isa = XCBuildConfiguration;
			buildSettings = {
				ALWAYS_SEARCH_USER_PATHS = NO;
				BUNDLE_LOADER = "$(TEST_HOST)";
				CLANG_ENABLE_MODULES = YES;
				CODE_SIGN_STYLE = Automatic;
				CURRENT_PROJECT_VERSION = 1;
				GENERATE_INFOPLIST_FILE = YES;
				MACOSX_DEPLOYMENT_TARGET = 15.0;
				MARKETING_VERSION = 0.1.0;
				PRODUCT_BUNDLE_IDENTIFIER = com.interlinedlist.macos.tests;
				PRODUCT_NAME = "$(TARGET_NAME)";
				SDKROOT = macosx;
				SWIFT_EMIT_LOC_STRINGS = NO;
				SWIFT_STRICT_CONCURRENCY = complete;
				SWIFT_VERSION = 6.0;
				TEST_HOST = "$(BUILT_PRODUCTS_DIR)/InterlinedList.app/Contents/MacOS/InterlinedList";
			};
			name = Release;
		};
		BABD889F011D2EE21B755131 /* Release */ = {
			isa = XCBuildConfiguration;
			buildSettings = {
				ASSETCATALOG_COMPILER_APPICON_NAME = AppIcon;
				ASSETCATALOG_COMPILER_GLOBAL_ACCENT_COLOR_NAME = AccentColor;
				CODE_SIGN_ENTITLEMENTS = App/Resources/InterlinedList.entitlements;
				"CODE_SIGN_IDENTITY[sdk=macosx*]" = "Apple Development";
				CODE_SIGN_STYLE = Automatic;
				COMBINE_HIDPI_IMAGES = YES;
				CURRENT_PROJECT_VERSION = 1;
				DEAD_CODE_STRIPPING = YES;
				DEVELOPMENT_TEAM = BJA9558E4B;
				ENABLE_HARDENED_RUNTIME = YES;
				ENABLE_PREVIEWS = YES;
				GENERATE_INFOPLIST_FILE = NO;
				INFOPLIST_FILE = App/Resources/Info.plist;
				INFOPLIST_KEY_CFBundleDisplayName = InterlinedList;
				INFOPLIST_KEY_LSApplicationCategoryType = "public.app-category.social-networking";
				INFOPLIST_KEY_NSHumanReadableCopyright = "© 2026 InterlinedList";
				LD_RUNPATH_SEARCH_PATHS = (
					"$(inherited)",
					"@executable_path/../Frameworks",
				);
				MACOSX_DEPLOYMENT_TARGET = 15.0;
				MARKETING_VERSION = 0.1.0;
				PRODUCT_BUNDLE_IDENTIFIER = com.interlinedlist.macos;
				PRODUCT_NAME = "$(TARGET_NAME)";
				SWIFT_EMIT_LOC_STRINGS = YES;
				SWIFT_STRICT_CONCURRENCY = complete;
				SWIFT_VERSION = 6.0;
			};
			name = Release;
		};
/* End XCBuildConfiguration section */

/* Begin XCConfigurationList section */
		06A1C0DC705E8A5C23E6A456 /* Build configuration list for PBXNativeTarget "InterlinedList" */ = {
			isa = XCConfigurationList;
			buildConfigurations = (
				5FF8F565B0D584C9B40E9186 /* Debug */,
				BABD889F011D2EE21B755131 /* Release */,
			);
			defaultConfigurationIsVisible = 0;
			defaultConfigurationName = Release;
		};
		315972A3EA6827C08B325F80 /* Build configuration list for PBXProject "InterlinedList" */ = {
			isa = XCConfigurationList;
			buildConfigurations = (
				573EB93CD33E77BADF6A4886 /* Debug */,
				AA59CB7D63E83CD7544D6FEC /* Release */,
			);
			defaultConfigurationIsVisible = 0;
			defaultConfigurationName = Release;
		};
		AB8000000000000000000101 /* Build configuration list for PBXNativeTarget "InterlinedListTests" */ = {
			isa = XCConfigurationList;
			buildConfigurations = (
				AB8000000000000000000102 /* Debug */,
				AB8000000000000000000103 /* Release */,
			);
			defaultConfigurationIsVisible = 0;
			defaultConfigurationName = Release;
		};
/* End XCConfigurationList section */

/* Begin XCLocalSwiftPackageReference section */
		6F34A6361811E23D19FA2B71 /* XCLocalSwiftPackageReference "Packages/InterlinedKit" */ = {
			isa = XCLocalSwiftPackageReference;
			relativePath = Packages/InterlinedKit;
		};
		8B2688EE389528EC0E8CC4A0 /* XCLocalSwiftPackageReference "Packages/InterlinedPersistence" */ = {
			isa = XCLocalSwiftPackageReference;
			relativePath = Packages/InterlinedPersistence;
		};
		8BBD2221E1F94562CA6C4031 /* XCLocalSwiftPackageReference "Packages/InterlinedDomain" */ = {
			isa = XCLocalSwiftPackageReference;
			relativePath = Packages/InterlinedDomain;
		};
/* End XCLocalSwiftPackageReference section */

/* Begin XCRemoteSwiftPackageReference section */
		SP00000000000000000000S1 /* XCRemoteSwiftPackageReference "Sparkle" */ = {
			isa = XCRemoteSwiftPackageReference;
			repositoryURL = "https://github.com/sparkle-project/Sparkle";
			requirement = {
				kind = upToNextMajorVersion;
				minimumVersion = 2.0.0;
			};
		};
		TX00000000000000000000T1 /* XCRemoteSwiftPackageReference "textual" */ = {
			isa = XCRemoteSwiftPackageReference;
			repositoryURL = "https://github.com/gonzalezreal/textual";
			requirement = {
				kind = upToNextMajorVersion;
				minimumVersion = 0.5.0;
			};
		};
/* End XCRemoteSwiftPackageReference section */

/* Begin XCSwiftPackageProductDependency section */
		6B41CE7F9049DE79ADF5F310 /* InterlinedPersistence */ = {
			isa = XCSwiftPackageProductDependency;
			productName = InterlinedPersistence;
		};
		AB20000000000000000000A1 /* InterlinedDomain */ = {
			isa = XCSwiftPackageProductDependency;
			productName = InterlinedDomain;
		};
		AB20000000000000000000A2 /* InterlinedKit */ = {
			isa = XCSwiftPackageProductDependency;
			productName = InterlinedKit;
		};
		E82F17947DA800A8ACFC24FA /* InterlinedKit */ = {
			isa = XCSwiftPackageProductDependency;
			productName = InterlinedKit;
		};
		F55A3043259B18AED6834ECA /* InterlinedDomain */ = {
			isa = XCSwiftPackageProductDependency;
			productName = InterlinedDomain;
		};
		SP10000000000000000000S2 /* Sparkle */ = {
			isa = XCSwiftPackageProductDependency;
			package = SP00000000000000000000S1 /* XCRemoteSwiftPackageReference "Sparkle" */;
			productName = Sparkle;
		};
		TX10000000000000000000T2 /* Textual */ = {
			isa = XCSwiftPackageProductDependency;
			package = TX00000000000000000000T1 /* XCRemoteSwiftPackageReference "textual" */;
			productName = Textual;
		};
/* End XCSwiftPackageProductDependency section */
	};
	rootObject = A8934E4F726C6FDDD0A8A878 /* Project object */;
}
